Microsoft Visual Studio Solution File, Format Version 12.00
# Visual Studio Version 17
VisualStudioVersion = 17.5.2.0
MinimumVisualStudioVersion = 10.0.40219.1
Project("{FAE04EC0-301F-11D3-BF4B-00C04F79EFBC}") = "ServiceBusDemo", "src\ServiceBusDemo.csproj", "{7C300558-9F2F-2A2B-5DE0-1EA76E1EAC9D}"
EndProject
Global
	GlobalSection(SolutionConfigurationPlatforms) = preSolution
		Debug|Any CPU = Debug|Any CPU
		Release|Any CPU = Release|Any CPU
	EndGlobalSection
	GlobalSection(ProjectConfigurationPlatforms) = postSolution
		{7C300558-9F2F-2A2B-5DE0-1EA76E1EAC9D}.Debug|Any CPU.ActiveCfg = Debug|Any CPU
		{7C300558-9F2F-2A2B-5DE0-1EA76E1EAC9D}.Debug|Any CPU.Build.0 = Debug|Any CPU
		{7C300558-9F2F-2A2B-5DE0-1EA76E1EAC9D}.Release|Any CPU.ActiveCfg = Release|Any CPU
		{7C300558-9F2F-2A2B-5DE0-1EA76E1EAC9D}.Release|Any CPU.Build.0 = Release|Any CPU
	EndGlobalSection
	GlobalSection(SolutionProperties) = preSolution
		HideSolutionNode = FALSE
	EndGlobalSection
	GlobalSection(ExtensibilityGlobals) = postSolution
		SolutionGuid = {0F454709-263E-4BFC-8704-CB5DE40ED664}
	EndGlobalSection
EndGlobal
